
Microsoft Visual Studio Solution File, Format Version 12.00
# Visual Studio 15
VisualStudioVersion = 15.0.28307.1022
MinimumVisualStudioVersion = 10.0.40219.1
Project("{FAE04EC0-301F-11D3-BF4B-00C04F79EFBC}") = "GestionLivres", "GestionLivres\GestionLivres.csproj", "{2C05F41B-6905-4735-83D7-4B0CA251BED7}"
EndProject
Global
	GlobalSection(SolutionConfigurationPlatforms) = preSolution
		Debug|Any CPU = Debug|Any CPU
		Release|Any CPU = Release|Any CPU
	EndGlobalSection
	GlobalSection(ProjectConfigurationPlatforms) = postSolution
		{2C05F41B-6905-4735-83D7-4B0CA251BED7}.Debug|Any CPU.ActiveCfg = Debug|Any CPU
		{2C05F41B-6905-4735-83D7-4B0CA251BED7}.Debug|Any CPU.Build.0 = Debug|Any CPU
		{2C05F41B-6905-4735-83D7-4B0CA251BED7}.Release|Any CPU.ActiveCfg = Release|Any CPU
		{2C05F41B-6905-4735-83D7-4B0CA251BED7}.Release|Any CPU.Build.0 = Release|Any CPU
	EndGlobalSection
	GlobalSection(SolutionProperties) = preSolution
		HideSolutionNode = FALSE
	EndGlobalSection
	GlobalSection(ExtensibilityGlobals) = postSolution
		SolutionGuid = {C6FA8A02-1959-49F4-9563-7032D7702B69}
	EndGlobalSection
EndGlobal
